dependencies:
- name: kube-prometheus-stack
  repository: https://prometheus-community.github.io/helm-charts
  version: 88.5.4
- name: tempo
  repository: https://grafana-community.github.io/helm-charts
  version: 2.2.4
- name: loki
  repository: https://grafana-community.github.io/helm-charts
  version: 18.11.2
- name: alloy
  repository: https://grafana.github.io/helm-charts
  version: 1.12.0
- name: opentelemetry-collector
  repository: https://open-telemetry.github.io/opentelemetry-helm-charts
  version: 0.170.0
digest: sha256:5db62a9ca89ad6343fc5a72305f05073ca4e22604c1a4bfa66457ffe3f2f3314
generated: "2026-08-24T21:42:56.943864+02:00"
