dependencies:
- name: kube-prometheus-stack
  repository: https://prometheus-community.github.io/helm-charts
  version: 88.5.4
- name: tempo
  repository: https://grafana-community.github.io/helm-charts
  version: 2.2.4
- name: loki
  repository: https://grafana-community.github.io/helm-charts
  version: 18.11.2
- name: alloy
  repository: https://grafana.github.io/helm-charts
  version: 1.12.0
digest: sha256:786486206840513e039b4abaa3084368ff13bad39c546f129fdba6cd9fe94abe
generated: "2026-08-24T22:05:48.222448+02:00"
