dependencies:
- name: kube-prometheus-stack
  repository: https://prometheus-community.github.io/helm-charts
  version: 87.19.2
- name: tempo
  repository: https://grafana-community.github.io/helm-charts
  version: 2.2.3
- name: loki
  repository: https://grafana-community.github.io/helm-charts
  version: 18.5.4
- name: alloy
  repository: https://grafana.github.io/helm-charts
  version: 1.11.0
- name: opentelemetry-collector
  repository: https://open-telemetry.github.io/opentelemetry-helm-charts
  version: 0.165.0
digest: sha256:a7b93daae6e891180ae62f35c55d87226af934ce769a1719b36a67cff13bb124
generated: "2026-08-08T19:24:01.508171+02:00"
